PODS:
  - Reveal-iOS-SDK (1.6.2)
  - Swiftly (HEAD based on 0.0.2)
  - Transitional (0.0.1)

DEPENDENCIES:
  - Reveal-iOS-SDK
  - Swiftly (HEAD)
  - Transitional (from `../`)

EXTERNAL SOURCES:
  Transitional:
    :path: ../

SPEC CHECKSUMS:
  Reveal-iOS-SDK: e2250b3c155bcfac53ae223ddc1f76d08f206c33
  Swiftly: 1439ad8422bccfd3e0fd3ce0139126aa7837a9aa
  Transitional: 331180680b233d2a9e08ffab9a2f12f13ee85d71

COCOAPODS: 0.39.0
